
Microsoft Visual Studio Solution File, Format Version 12.00
Project("{FAE04EC0-301F-11D3-BF4B-00C04F79EFBC}") = "NRpiMonitor", "NRpiMonitor\NRpiMonitor.csproj", "{F80D8D3D-270C-43D2-8EFB-B9D8379882CE}"
EndProject
Global
	GlobalSection(SolutionConfigurationPlatforms) = preSolution
		Debug|Any CPU = Debug|Any CPU
		Release|Any CPU = Release|Any CPU
	EndGlobalSection
	GlobalSection(ProjectConfigurationPlatforms) = postSolution
		{F80D8D3D-270C-43D2-8EFB-B9D8379882CE}.Debug|Any CPU.ActiveCfg = Debug|Any CPU
		{F80D8D3D-270C-43D2-8EFB-B9D8379882CE}.Debug|Any CPU.Build.0 = Debug|Any CPU
		{F80D8D3D-270C-43D2-8EFB-B9D8379882CE}.Release|Any CPU.ActiveCfg = Release|Any CPU
		{F80D8D3D-270C-43D2-8EFB-B9D8379882CE}.Release|Any CPU.Build.0 = Release|Any CPU
	EndGlobalSection
EndGlobal
